
Microsoft Visual Studio Solution File, Format Version 12.00
# Visual Studio 2017
Project("{FAE04EC0-301F-11D3-BF4B-00C04F79EFBC}") = "CI236-Game", "CI236-Game.csproj", "{A534C3AA-B47A-24AB-7AD7-F577479CA4B1}"
EndProject
Project("{FAE04EC0-301F-11D3-BF4B-00C04F79EFBC}") = "CI236-Game.Editor", "CI236-Game.Editor.csproj", "{2216D6BF-9F2E-89F0-C7D8-B0EEAC343B72}"
EndProject
Project("{FAE04EC0-301F-11D3-BF4B-00C04F79EFBC}") = "Unity.PackageManagerUI.Editor", "Unity.PackageManagerUI.Editor.csproj", "{6877705C-FBD9-0C4F-5AFB-6FB431E5D39D}"
EndProject
Project("{FAE04EC0-301F-11D3-BF4B-00C04F79EFBC}") = "UnityEditor.StandardEvents", "UnityEditor.StandardEvents.csproj", "{6800202F-4402-D405-F8CB-03DC7BD78B92}"
EndProject
Global
	GlobalSection(SolutionConfigurationPlatforms) = preSolution
		Debug|Any CPU = Debug|Any CPU
		Release|Any CPU = Release|Any CPU
	EndGlobalSection
	GlobalSection(ProjectConfigurationPlatforms) = postSolution
		{A534C3AA-B47A-24AB-7AD7-F577479CA4B1}.Debug|Any CPU.ActiveCfg = Debug|Any CPU
		{A534C3AA-B47A-24AB-7AD7-F577479CA4B1}.Debug|Any CPU.Build.0 = Debug|Any CPU
		{A534C3AA-B47A-24AB-7AD7-F577479CA4B1}.Release|Any CPU.ActiveCfg = Release|Any CPU
		{A534C3AA-B47A-24AB-7AD7-F577479CA4B1}.Release|Any CPU.Build.0 = Release|Any CPU
		{2216D6BF-9F2E-89F0-C7D8-B0EEAC343B72}.Debug|Any CPU.ActiveCfg = Debug|Any CPU
		{2216D6BF-9F2E-89F0-C7D8-B0EEAC343B72}.Debug|Any CPU.Build.0 = Debug|Any CPU
		{2216D6BF-9F2E-89F0-C7D8-B0EEAC343B72}.Release|Any CPU.ActiveCfg = Release|Any CPU
		{2216D6BF-9F2E-89F0-C7D8-B0EEAC343B72}.Release|Any CPU.Build.0 = Release|Any CPU
		{6877705C-FBD9-0C4F-5AFB-6FB431E5D39D}.Debug|Any CPU.ActiveCfg = Debug|Any CPU
		{6877705C-FBD9-0C4F-5AFB-6FB431E5D39D}.Debug|Any CPU.Build.0 = Debug|Any CPU
		{6877705C-FBD9-0C4F-5AFB-6FB431E5D39D}.Release|Any CPU.ActiveCfg = Release|Any CPU
		{6877705C-FBD9-0C4F-5AFB-6FB431E5D39D}.Release|Any CPU.Build.0 = Release|Any CPU
		{6800202F-4402-D405-F8CB-03DC7BD78B92}.Debug|Any CPU.ActiveCfg = Debug|Any CPU
		{6800202F-4402-D405-F8CB-03DC7BD78B92}.Debug|Any CPU.Build.0 = Debug|Any CPU
		{6800202F-4402-D405-F8CB-03DC7BD78B92}.Release|Any CPU.ActiveCfg = Release|Any CPU
		{6800202F-4402-D405-F8CB-03DC7BD78B92}.Release|Any CPU.Build.0 = Release|Any CPU
	EndGlobalSection
	GlobalSection(SolutionProperties) = preSolution
		HideSolutionNode = FALSE
	EndGlobalSection
EndGlobal
